
Microsoft Visual Studio Solution File, Format Version 12.00
# Visual Studio 15
VisualStudioVersion = 15.0.26124.0
MinimumVisualStudioVersion = 15.0.26124.0
Project("{FAE04EC0-301F-11D3-BF4B-00C04F79EFBC}") = "Domain", "Domain\Domain.csproj", "{D7764706-1408-4F7A-AAE0-787F4D9572C8}"
EndProject
Project("{FAE04EC0-301F-11D3-BF4B-00C04F79EFBC}") = "Application", "Application\Application.csproj", "{BFB36251-CA68-483A-9CE8-5BBA4C8E2C03}"
EndProject
Project("{FAE04EC0-301F-11D3-BF4B-00C04F79EFBC}") = "Persistence", "Persistence\Persistence.csproj", "{32F00C1D-98E3-4938-8F19-F3FF973C01F3}"
EndProject
Project("{FAE04EC0-301F-11D3-BF4B-00C04F79EFBC}") = "APIClient", "APIClient\APIClient.csproj", "{2A556E17-223B-4E6A-B71D-89CD1562A5CF}"
EndProject
Global
	GlobalSection(SolutionConfigurationPlatforms) = preSolution
		Debug|Any CPU = Debug|Any CPU
		Debug|x64 = Debug|x64
		Debug|x86 = Debug|x86
		Release|Any CPU = Release|Any CPU
		Release|x64 = Release|x64
		Release|x86 = Release|x86
	EndGlobalSection
	GlobalSection(SolutionProperties) = preSolution
		HideSolutionNode = FALSE
	EndGlobalSection
	GlobalSection(ProjectConfigurationPlatforms) = postSolution
		{D7764706-1408-4F7A-AAE0-787F4D9572C8}.Debug|Any CPU.ActiveCfg = Debug|Any CPU
		{D7764706-1408-4F7A-AAE0-787F4D9572C8}.Debug|Any CPU.Build.0 = Debug|Any CPU
		{D7764706-1408-4F7A-AAE0-787F4D9572C8}.Debug|x64.ActiveCfg = Debug|Any CPU
		{D7764706-1408-4F7A-AAE0-787F4D9572C8}.Debug|x64.Build.0 = Debug|Any CPU
		{D7764706-1408-4F7A-AAE0-787F4D9572C8}.Debug|x86.ActiveCfg = Debug|Any CPU
		{D7764706-1408-4F7A-AAE0-787F4D9572C8}.Debug|x86.Build.0 = Debug|Any CPU
		{D7764706-1408-4F7A-AAE0-787F4D9572C8}.Release|Any CPU.ActiveCfg = Release|Any CPU
		{D7764706-1408-4F7A-AAE0-787F4D9572C8}.Release|Any CPU.Build.0 = Release|Any CPU
		{D7764706-1408-4F7A-AAE0-787F4D9572C8}.Release|x64.ActiveCfg = Release|Any CPU
		{D7764706-1408-4F7A-AAE0-787F4D9572C8}.Release|x64.Build.0 = Release|Any CPU
		{D7764706-1408-4F7A-AAE0-787F4D9572C8}.Release|x86.ActiveCfg = Release|Any CPU
		{D7764706-1408-4F7A-AAE0-787F4D9572C8}.Release|x86.Build.0 = Release|Any CPU
		{61BB67E1-AC59-42E6-80D1-0B0B97D50A96}.Debug|Any CPU.ActiveCfg = Debug|Any CPU
		{61BB67E1-AC59-42E6-80D1-0B0B97D50A96}.Debug|Any CPU.Build.0 = Debug|Any CPU
		{61BB67E1-AC59-42E6-80D1-0B0B97D50A96}.Debug|x64.ActiveCfg = Debug|Any CPU
		{61BB67E1-AC59-42E6-80D1-0B0B97D50A96}.Debug|x64.Build.0 = Debug|Any CPU
		{61BB67E1-AC59-42E6-80D1-0B0B97D50A96}.Debug|x86.ActiveCfg = Debug|Any CPU
		{61BB67E1-AC59-42E6-80D1-0B0B97D50A96}.Debug|x86.Build.0 = Debug|Any CPU
		{61BB67E1-AC59-42E6-80D1-0B0B97D50A96}.Release|Any CPU.ActiveCfg = Release|Any CPU
		{61BB67E1-AC59-42E6-80D1-0B0B97D50A96}.Release|Any CPU.Build.0 = Release|Any CPU
		{61BB67E1-AC59-42E6-80D1-0B0B97D50A96}.Release|x64.ActiveCfg = Release|Any CPU
		{61BB67E1-AC59-42E6-80D1-0B0B97D50A96}.Release|x64.Build.0 = Release|Any CPU
		{61BB67E1-AC59-42E6-80D1-0B0B97D50A96}.Release|x86.ActiveCfg = Release|Any CPU
		{61BB67E1-AC59-42E6-80D1-0B0B97D50A96}.Release|x86.Build.0 = Release|Any CPU
		{BFB36251-CA68-483A-9CE8-5BBA4C8E2C03}.Debug|Any CPU.ActiveCfg = Debug|Any CPU
		{BFB36251-CA68-483A-9CE8-5BBA4C8E2C03}.Debug|Any CPU.Build.0 = Debug|Any CPU
		{BFB36251-CA68-483A-9CE8-5BBA4C8E2C03}.Debug|x64.ActiveCfg = Debug|Any CPU
		{BFB36251-CA68-483A-9CE8-5BBA4C8E2C03}.Debug|x64.Build.0 = Debug|Any CPU
		{BFB36251-CA68-483A-9CE8-5BBA4C8E2C03}.Debug|x86.ActiveCfg = Debug|Any CPU
		{BFB36251-CA68-483A-9CE8-5BBA4C8E2C03}.Debug|x86.Build.0 = Debug|Any CPU
		{BFB36251-CA68-483A-9CE8-5BBA4C8E2C03}.Release|Any CPU.ActiveCfg = Release|Any CPU
		{BFB36251-CA68-483A-9CE8-5BBA4C8E2C03}.Release|Any CPU.Build.0 = Release|Any CPU
		{BFB36251-CA68-483A-9CE8-5BBA4C8E2C03}.Release|x64.ActiveCfg = Release|Any CPU
		{BFB36251-CA68-483A-9CE8-5BBA4C8E2C03}.Release|x64.Build.0 = Release|Any CPU
		{BFB36251-CA68-483A-9CE8-5BBA4C8E2C03}.Release|x86.ActiveCfg = Release|Any CPU
		{BFB36251-CA68-483A-9CE8-5BBA4C8E2C03}.Release|x86.Build.0 = Release|Any CPU
		{32F00C1D-98E3-4938-8F19-F3FF973C01F3}.Debug|Any CPU.ActiveCfg = Debug|Any CPU
		{32F00C1D-98E3-4938-8F19-F3FF973C01F3}.Debug|Any CPU.Build.0 = Debug|Any CPU
		{32F00C1D-98E3-4938-8F19-F3FF973C01F3}.Debug|x64.ActiveCfg = Debug|Any CPU
		{32F00C1D-98E3-4938-8F19-F3FF973C01F3}.Debug|x64.Build.0 = Debug|Any CPU
		{32F00C1D-98E3-4938-8F19-F3FF973C01F3}.Debug|x86.ActiveCfg = Debug|Any CPU
		{32F00C1D-98E3-4938-8F19-F3FF973C01F3}.Debug|x86.Build.0 = Debug|Any CPU
		{32F00C1D-98E3-4938-8F19-F3FF973C01F3}.Release|Any CPU.ActiveCfg = Release|Any CPU
		{32F00C1D-98E3-4938-8F19-F3FF973C01F3}.Release|Any CPU.Build.0 = Release|Any CPU
		{32F00C1D-98E3-4938-8F19-F3FF973C01F3}.Release|x64.ActiveCfg = Release|Any CPU
		{32F00C1D-98E3-4938-8F19-F3FF973C01F3}.Release|x64.Build.0 = Release|Any CPU
		{32F00C1D-98E3-4938-8F19-F3FF973C01F3}.Release|x86.ActiveCfg = Release|Any CPU
		{32F00C1D-98E3-4938-8F19-F3FF973C01F3}.Release|x86.Build.0 = Release|Any CPU
		{2A556E17-223B-4E6A-B71D-89CD1562A5CF}.Debug|Any CPU.ActiveCfg = Debug|Any CPU
		{2A556E17-223B-4E6A-B71D-89CD1562A5CF}.Debug|Any CPU.Build.0 = Debug|Any CPU
		{2A556E17-223B-4E6A-B71D-89CD1562A5CF}.Debug|x64.ActiveCfg = Debug|Any CPU
		{2A556E17-223B-4E6A-B71D-89CD1562A5CF}.Debug|x64.Build.0 = Debug|Any CPU
		{2A556E17-223B-4E6A-B71D-89CD1562A5CF}.Debug|x86.ActiveCfg = Debug|Any CPU
		{2A556E17-223B-4E6A-B71D-89CD1562A5CF}.Debug|x86.Build.0 = Debug|Any CPU
		{2A556E17-223B-4E6A-B71D-89CD1562A5CF}.Release|Any CPU.ActiveCfg = Release|Any CPU
		{2A556E17-223B-4E6A-B71D-89CD1562A5CF}.Release|Any CPU.Build.0 = Release|Any CPU
		{2A556E17-223B-4E6A-B71D-89CD1562A5CF}.Release|x64.ActiveCfg = Release|Any CPU
		{2A556E17-223B-4E6A-B71D-89CD1562A5CF}.Release|x64.Build.0 = Release|Any CPU
		{2A556E17-223B-4E6A-B71D-89CD1562A5CF}.Release|x86.ActiveCfg = Release|Any CPU
		{2A556E17-223B-4E6A-B71D-89CD1562A5CF}.Release|x86.Build.0 = Release|Any CPU
	EndGlobalSection
EndGlobal
